
Microsoft Visual Studio Solution File, Format Version 12.00
# Visual Studio Version 16
VisualStudioVersion = 16.0.29326.143
MinimumVisualStudioVersion = 10.0.40219.1
Project("{FAE04EC0-301F-11D3-BF4B-00C04F79EFBC}") = "TetrisSharp", "TetrisSharp.csproj", "{C0DF81F2-33C4-4D41-AE10-78F935F20332}"
EndProject
Global
	GlobalSection(SolutionConfigurationPlatforms) = preSolution
		Debug|Any CPU = Debug|Any CPU
		Release|Any CPU = Release|Any CPU
	EndGlobalSection
	GlobalSection(ProjectConfigurationPlatforms) = postSolution
		{C0DF81F2-33C4-4D41-AE10-78F935F20332}.Debug|Any CPU.ActiveCfg = Debug|Any CPU
		{C0DF81F2-33C4-4D41-AE10-78F935F20332}.Debug|Any CPU.Build.0 = Debug|Any CPU
		{C0DF81F2-33C4-4D41-AE10-78F935F20332}.Release|Any CPU.ActiveCfg = Release|Any CPU
		{C0DF81F2-33C4-4D41-AE10-78F935F20332}.Release|Any CPU.Build.0 = Release|Any CPU
	EndGlobalSection
	GlobalSection(SolutionProperties) = preSolution
		HideSolutionNode = FALSE
	EndGlobalSection
	GlobalSection(ExtensibilityGlobals) = postSolution
		SolutionGuid = {04476536-063E-44BC-A9AD-F7E53347C2F1}
	EndGlobalSection
EndGlobal
